
Microsoft Visual Studio Solution File, Format Version 12.00
# Visual Studio 2013
VisualStudioVersion = 12.0.40629.0
MinimumVisualStudioVersion = 10.0.40219.1
Project("{FAE04EC0-301F-11D3-BF4B-00C04F79EFBC}") = "UnitTestProject1", "UnitTestProject1\UnitTestProject1.csproj", "{B3F065A8-4257-4A87-9659-7AF89EEBD949}"
EndProject
Project("{FAE04EC0-301F-11D3-BF4B-00C04F79EFBC}") = "LogProcessorWPF", "LogProcessorWPF\LogProcessorWPF.csproj", "{426C8181-5413-40B8-A257-54896A23E7B3}"
EndProject
Project("{FAE04EC0-301F-11D3-BF4B-00C04F79EFBC}") = "LogProcessor", "LogProcessor\LogProcessor.csproj", "{684D4EBA-4445-4B6D-BB4A-9B4E091A5309}"
EndProject
Project("{2150E333-8FDC-42A3-9474-1A3956D46DE8}") = "RefDlls", "RefDlls", "{1986005E-2F37-4F57-B397-A13DCBC3DB11}"
	ProjectSection(SolutionItems) = preProject
		RefDlls\AsyncCtpLibrary.dll = RefDlls\AsyncCtpLibrary.dll
	EndProjectSection
EndProject
Project("{2150E333-8FDC-42A3-9474-1A3956D46DE8}") = "Requirements", "Requirements", "{E5B9021D-3FB0-4AE1-90FA-49AC0EB5CCEB}"
	ProjectSection(SolutionItems) = preProject
		Requirements\input0.txt = Requirements\input0.txt
		Requirements\input1.txt = Requirements\input1.txt
		Requirements\input1unicode.txt = Requirements\input1unicode.txt
		Requirements\inputdateorder.txt = Requirements\inputdateorder.txt
		Requirements\inputedit.txt = Requirements\inputedit.txt
		Requirements\inputemptypass.txt = Requirements\inputemptypass.txt
		Requirements\LargeLog100M.txt = Requirements\LargeLog100M.txt
		Requirements\LogStructure.png = Requirements\LogStructure.png
		Requirements\UI.png = Requirements\UI.png
	EndProjectSection
EndProject
Project("{2150E333-8FDC-42A3-9474-1A3956D46DE8}") = "Design", "Design", "{D2F8D703-2DD6-402D-94F6-06AC5E5665A6}"
	ProjectSection(SolutionItems) = preProject
		Design\1.main flow.png = Design\1.main flow.png
		Design\2.extract one pass.png = Design\2.extract one pass.png
		Design\3.checkanduncheck-pass as example.png = Design\3.checkanduncheck-pass as example.png
	EndProjectSection
EndProject
Project("{FAE04EC0-301F-11D3-BF4B-00C04F79EFBC}") = "LogProcessorWinForm", "LogProcessorWinForm\LogProcessorWinForm.csproj", "{62ADDE3A-AA5E-49EE-B888-A639DBF72304}"
EndProject
Global
	GlobalSection(SolutionConfigurationPlatforms) = preSolution
		Debug|Any CPU = Debug|Any CPU
		Release|Any CPU = Release|Any CPU
	EndGlobalSection
	GlobalSection(ProjectConfigurationPlatforms) = postSolution
		{B3F065A8-4257-4A87-9659-7AF89EEBD949}.Debug|Any CPU.ActiveCfg = Debug|Any CPU
		{B3F065A8-4257-4A87-9659-7AF89EEBD949}.Debug|Any CPU.Build.0 = Debug|Any CPU
		{B3F065A8-4257-4A87-9659-7AF89EEBD949}.Release|Any CPU.ActiveCfg = Release|Any CPU
		{B3F065A8-4257-4A87-9659-7AF89EEBD949}.Release|Any CPU.Build.0 = Release|Any CPU
		{426C8181-5413-40B8-A257-54896A23E7B3}.Debug|Any CPU.ActiveCfg = Debug|Any CPU
		{426C8181-5413-40B8-A257-54896A23E7B3}.Debug|Any CPU.Build.0 = Debug|Any CPU
		{426C8181-5413-40B8-A257-54896A23E7B3}.Release|Any CPU.ActiveCfg = Release|Any CPU
		{426C8181-5413-40B8-A257-54896A23E7B3}.Release|Any CPU.Build.0 = Release|Any CPU
		{684D4EBA-4445-4B6D-BB4A-9B4E091A5309}.Debug|Any CPU.ActiveCfg = Debug|Any CPU
		{684D4EBA-4445-4B6D-BB4A-9B4E091A5309}.Debug|Any CPU.Build.0 = Debug|Any CPU
		{684D4EBA-4445-4B6D-BB4A-9B4E091A5309}.Release|Any CPU.ActiveCfg = Release|Any CPU
		{684D4EBA-4445-4B6D-BB4A-9B4E091A5309}.Release|Any CPU.Build.0 = Release|Any CPU
		{62ADDE3A-AA5E-49EE-B888-A639DBF72304}.Debug|Any CPU.ActiveCfg = Debug|Any CPU
		{62ADDE3A-AA5E-49EE-B888-A639DBF72304}.Debug|Any CPU.Build.0 = Debug|Any CPU
		{62ADDE3A-AA5E-49EE-B888-A639DBF72304}.Release|Any CPU.ActiveCfg = Release|Any CPU
		{62ADDE3A-AA5E-49EE-B888-A639DBF72304}.Release|Any CPU.Build.0 = Release|Any CPU
	EndGlobalSection
	GlobalSection(SolutionProperties) = preSolution
		HideSolutionNode = FALSE
	EndGlobalSection
	GlobalSection(Performance) = preSolution
		HasPerformanceSessions = true
	EndGlobalSection
EndGlobal
